
Microsoft Visual Studio Solution File, Format Version 12.00
# Visual Studio 2013
VisualStudioVersion = 12.0.31101.0
MinimumVisualStudioVersion = 10.0.40219.1
Project("{FAE04EC0-301F-11D3-BF4B-00C04F79EFBC}") = "homework14", "homework14\homework14.csproj", "{D76C6BC4-B00E-4EA3-9C1E-AE9C27A0ED0E}"
EndProject
Global
	GlobalSection(SolutionConfigurationPlatforms) = preSolution
		Debug|Any CPU = Debug|Any CPU
		Release|Any CPU = Release|Any CPU
	EndGlobalSection
	GlobalSection(ProjectConfigurationPlatforms) = postSolution
		{D76C6BC4-B00E-4EA3-9C1E-AE9C27A0ED0E}.Debug|Any CPU.ActiveCfg = Debug|Any CPU
		{D76C6BC4-B00E-4EA3-9C1E-AE9C27A0ED0E}.Debug|Any CPU.Build.0 = Debug|Any CPU
		{D76C6BC4-B00E-4EA3-9C1E-AE9C27A0ED0E}.Release|Any CPU.ActiveCfg = Release|Any CPU
		{D76C6BC4-B00E-4EA3-9C1E-AE9C27A0ED0E}.Release|Any CPU.Build.0 = Release|Any CPU
	EndGlobalSection
	GlobalSection(SolutionProperties) = preSolution
		HideSolutionNode = FALSE
	EndGlobalSection
EndGlobal
